
Microsoft Visual Studio Solution File, Format Version 12.00
# Visual Studio Version 16
VisualStudioVersion = 16.0.30204.135
MinimumVisualStudioVersion = 10.0.40219.1
Project("{FAE04EC0-301F-11D3-BF4B-00C04F79EFBC}") = "APICatalogo", "APICatalogo\APICatalogo.csproj", "{A45EAA02-F99C-4C3F-8C97-B72CB07CEF07}"
EndProject
Global
	GlobalSection(SolutionConfigurationPlatforms) = preSolution
		Debug|Any CPU = Debug|Any CPU
		Release|Any CPU = Release|Any CPU
	EndGlobalSection
	GlobalSection(ProjectConfigurationPlatforms) = postSolution
		{A45EAA02-F99C-4C3F-8C97-B72CB07CEF07}.Debug|Any CPU.ActiveCfg = Debug|Any CPU
		{A45EAA02-F99C-4C3F-8C97-B72CB07CEF07}.Debug|Any CPU.Build.0 = Debug|Any CPU
		{A45EAA02-F99C-4C3F-8C97-B72CB07CEF07}.Release|Any CPU.ActiveCfg = Release|Any CPU
		{A45EAA02-F99C-4C3F-8C97-B72CB07CEF07}.Release|Any CPU.Build.0 = Release|Any CPU
	EndGlobalSection
	GlobalSection(SolutionProperties) = preSolution
		HideSolutionNode = FALSE
	EndGlobalSection
	GlobalSection(ExtensibilityGlobals) = postSolution
		SolutionGuid = {E65A1009-B5FE-4026-9262-0BA5742861BD}
	EndGlobalSection
EndGlobal
